{
    "_readme": [
        "This file locks the dependencies of your project to a known state",
        "Read more about it at https://getcomposer.org/doc/01-basic-usage.md#installing-dependencies",
        "This file is @generated automatically"
    ],
    "content-hash": "6379faa083280f7a7f9301d668c7fe0f",
    "packages": [
        {
            "name": "wp-graphql/wp-graphql-acf",
            "version": "v0.6.1",
            "source": {
                "type": "git",
                "url": "https://github.com/wp-graphql/wp-graphql-acf.git",
                "reference": "8c6a18563bbc6dde276e1a09429b525df54fe2c2"
            },
            "dist": {
                "type": "zip",
                "url": "https://api.github.com/repos/wp-graphql/wp-graphql-acf/zipball/8c6a18563bbc6dde276e1a09429b525df54fe2c2",
                "reference": "8c6a18563bbc6dde276e1a09429b525df54fe2c2",
                "shasum": ""
            },
            "require": {
                "php": "^7.1 || ^8.0"
            },
            "require-dev": {
                "codeception/module-asserts": "^1.0",
                "codeception/module-cli": "^1.0",
                "codeception/module-db": "^1.0",
                "codeception/module-filesystem": "^1.0",
                "codeception/module-phpbrowser": "^1.0",
                "codeception/module-rest": "^1.2",
                "codeception/module-webdriver": "^1.0",
                "codeception/util-universalframework": "^1.0",
                "dealerdirect/phpcodesniffer-composer-installer": "^0.7.1",
                "lucatume/wp-browser": "^2.4",
                "phpcompatibility/phpcompatibility-wp": "2.1.0",
                "phpstan/extension-installer": "^1.1",
                "phpstan/phpstan": "^0.12.64",
                "phpunit/phpunit": "^8.5",
                "simpod/php-coveralls-mirror": "^3.0",
                "squizlabs/php_codesniffer": "3.5.4",
                "szepeviktor/phpstan-wordpress": "^0.7.1",
                "wp-coding-standards/wpcs": "2.1.1",
                "wp-graphql/wp-graphql-testcase": "~2.1"
            },
            "type": "wordpress-plugin",
            "autoload": {
                "psr-4": {
                    "WPGraphQL\\ACF\\": "src/"
                },
                "classmap": [
                    "src/"
                ]
            },
            "notification-url": "https://packagist.org/downloads/",
            "license": [
                "GPL-3.0+"
            ],
            "authors": [
                {
                    "name": "jasonbahl",
                    "email": "jasonbahl@mac.com"
                }
            ],
            "description": "Advanced Custom Fields bindings for wp-graphql",
            "support": {
                "issues": "https://github.com/wp-graphql/wp-graphql-acf/issues",
                "source": "https://github.com/wp-graphql/wp-graphql-acf/tree/v0.6.1"
            },
            "time": "2022-09-16T16:50:00+00:00"
        }
    ],
    "packages-dev": [],
    "aliases": [],
    "minimum-stability": "stable",
    "stability-flags": [],
    "prefer-stable": false,
    "prefer-lowest": false,
    "platform": [],
    "platform-dev": [],
    "plugin-api-version": "2.3.0"
}
